
Microsoft Visual Studio Solution File, Format Version 12.00
# Visual Studio 15
VisualStudioVersion = 15.0.26430.12
MinimumVisualStudioVersion = 10.0.40219.1
Project("{FAE04EC0-301F-11D3-BF4B-00C04F79EFBC}") = "Tools", "Tools\Tools.csproj", "{C5D6F876-C25F-4F04-9CF0-4F6CC3802880}"
EndProject
Project("{FAE04EC0-301F-11D3-BF4B-00C04F79EFBC}") = "Excalibur", "Excalibur\Excalibur.csproj", "{8966EC5B-7AA8-4E71-866E-0F8201CC9E27}"
EndProject
Project("{FAE04EC0-301F-11D3-BF4B-00C04F79EFBC}") = "Test", "Test\Test.csproj", "{005EE267-A946-480A-96B3-79ECAF45ED2F}"
EndProject
Global
	GlobalSection(SolutionConfigurationPlatforms) = preSolution
		Debug|Any CPU = Debug|Any CPU
		Release|Any CPU = Release|Any CPU
	EndGlobalSection
	GlobalSection(ProjectConfigurationPlatforms) = postSolution
		{C5D6F876-C25F-4F04-9CF0-4F6CC3802880}.Debug|Any CPU.ActiveCfg = Debug|Any CPU
		{C5D6F876-C25F-4F04-9CF0-4F6CC3802880}.Debug|Any CPU.Build.0 = Debug|Any CPU
		{C5D6F876-C25F-4F04-9CF0-4F6CC3802880}.Release|Any CPU.ActiveCfg = Release|Any CPU
		{C5D6F876-C25F-4F04-9CF0-4F6CC3802880}.Release|Any CPU.Build.0 = Release|Any CPU
		{8966EC5B-7AA8-4E71-866E-0F8201CC9E27}.Debug|Any CPU.ActiveCfg = Debug|Any CPU
		{8966EC5B-7AA8-4E71-866E-0F8201CC9E27}.Debug|Any CPU.Build.0 = Debug|Any CPU
		{8966EC5B-7AA8-4E71-866E-0F8201CC9E27}.Release|Any CPU.ActiveCfg = Release|Any CPU
		{8966EC5B-7AA8-4E71-866E-0F8201CC9E27}.Release|Any CPU.Build.0 = Release|Any CPU
		{005EE267-A946-480A-96B3-79ECAF45ED2F}.Debug|Any CPU.ActiveCfg = Debug|Any CPU
		{005EE267-A946-480A-96B3-79ECAF45ED2F}.Debug|Any CPU.Build.0 = Debug|Any CPU
		{005EE267-A946-480A-96B3-79ECAF45ED2F}.Release|Any CPU.ActiveCfg = Release|Any CPU
		{005EE267-A946-480A-96B3-79ECAF45ED2F}.Release|Any CPU.Build.0 = Release|Any CPU
	EndGlobalSection
	GlobalSection(SolutionProperties) = preSolution
		HideSolutionNode = FALSE
	EndGlobalSection
EndGlobal
